// !$*UTF8*$!
{
	archiveVersion = 1;
	classes = {
	};
	objectVersion = 46;
	objects = {

/* Begin PBXAggregateTarget section */
		"SVGPath::SVGPathPackageTests::ProductTarget" /* SVGPathPackageTests */ = {
			isa = PBXAggregateTarget;
			buildConfigurationList = OBJ_41 /* Build configuration list for PBXAggregateTarget "SVGPathPackageTests" */;
			buildPhases = (
			);
			dependencies = (
				OBJ_44 /* PBXTargetDependency */,
			);
			name = SVGPathPackageTests;
			productName = SVGPathPackageTests;
		};
/* End PBXAggregateTarget section */

/* Begin PBXBuildFile section */
		OBJ_32 /* SVGPath.swift in Sources */ = {isa = PBXBuildFile; fileRef = OBJ_9 /* SVGPath.swift */; };
		OBJ_39 /* Package.swift in Sources */ = {isa = PBXBuildFile; fileRef = OBJ_6 /* Package.swift */; };
		OBJ_50 /* ClosePathTests.swift in Sources */ = {isa = PBXBuildFile; fileRef = OBJ_12 /* ClosePathTests.swift */; };
		OBJ_51 /* CubeCurveToTests.swift in Sources */ = {isa = PBXBuildFile; fileRef = OBJ_13 /* CubeCurveToTests.swift */; };
		OBJ_52 /* LineToTests.swift in Sources */ = {isa = PBXBuildFile; fileRef = OBJ_14 /* LineToTests.swift */; };
		OBJ_53 /* MoveToTests.swift in Sources */ = {isa = PBXBuildFile; fileRef = OBJ_15 /* MoveToTests.swift */; };
		OBJ_54 /* NumberParsingTests.swift in Sources */ = {isa = PBXBuildFile; fileRef = OBJ_16 /* NumberParsingTests.swift */; };
		OBJ_55 /* QuadCurveToTests.swift in Sources */ = {isa = PBXBuildFile; fileRef = OBJ_17 /* QuadCurveToTests.swift */; };
		OBJ_56 /* SVGCommandTests.swift in Sources */ = {isa = PBXBuildFile; fileRef = OBJ_18 /* SVGCommandTests.swift */; };
		OBJ_57 /* TestHelpers.swift in Sources */ = {isa = PBXBuildFile; fileRef = OBJ_19 /* TestHelpers.swift */; };
		OBJ_58 /* UIBezierPathTests.swift in Sources */ = {isa = PBXBuildFile; fileRef = OBJ_20 /* UIBezierPathTests.swift */; };
		OBJ_60 /* SVGPath.framework in Frameworks */ = {isa = PBXBuildFile; fileRef = "SVGPath::SVGPath::Product" /* SVGPath.framework */; };
/* End PBXBuildFile section */

/* Begin PBXContainerItemProxy section */
		15C2659D25ACA4D7007E92FC /* PBXContainerItemProxy */ = {
			isa = PBXContainerItemProxy;
			containerPortal = OBJ_1 /* Project object */;
			proxyType = 1;
			remoteGlobalIDString = "SVGPath::SVGPath";
			remoteInfo = SVGPath;
		};
		15C265A025ACA4D8007E92FC /* PBXContainerItemProxy */ = {
			isa = PBXContainerItemProxy;
			containerPortal = OBJ_1 /* Project object */;
			proxyType = 1;
			remoteGlobalIDString = "SVGPath::SVGPathTests";
			remoteInfo = SVGPathTests;
		};
/* End PBXContainerItemProxy section */

/* Begin PBXFileReference section */
		OBJ_12 /* ClosePathTests.swift */ = {isa = PBXFileReference; lastKnownFileType = sourcecode.swift; path = ClosePathTests.swift; sourceTree = "<group>"; };
		OBJ_13 /* CubeCurveToTests.swift */ = {isa = PBXFileReference; lastKnownFileType = sourcecode.swift; path = CubeCurveToTests.swift; sourceTree = "<group>"; };
		OBJ_14 /* LineToTests.swift */ = {isa = PBXFileReference; lastKnownFileType = sourcecode.swift; path = LineToTests.swift; sourceTree = "<group>"; };
		OBJ_15 /* MoveToTests.swift */ = {isa = PBXFileReference; lastKnownFileType = sourcecode.swift; path = MoveToTests.swift; sourceTree = "<group>"; };
		OBJ_16 /* NumberParsingTests.swift */ = {isa = PBXFileReference; lastKnownFileType = sourcecode.swift; path = NumberParsingTests.swift; sourceTree = "<group>"; };
		OBJ_17 /* QuadCurveToTests.swift */ = {isa = PBXFileReference; lastKnownFileType = sourcecode.swift; path = QuadCurveToTests.swift; sourceTree = "<group>"; };
		OBJ_18 /* SVGCommandTests.swift */ = {isa = PBXFileReference; lastKnownFileType = sourcecode.swift; path = SVGCommandTests.swift; sourceTree = "<group>"; };
		OBJ_19 /* TestHelpers.swift */ = {isa = PBXFileReference; lastKnownFileType = sourcecode.swift; path = TestHelpers.swift; sourceTree = "<group>"; };
		OBJ_20 /* UIBezierPathTests.swift */ = {isa = PBXFileReference; lastKnownFileType = sourcecode.swift; path = UIBezierPathTests.swift; sourceTree = "<group>"; };
		OBJ_25 /* LICENSE */ = {isa = PBXFileReference; lastKnownFileType = text; path = LICENSE; sourceTree = "<group>"; };
		OBJ_26 /* README.md */ = {isa = PBXFileReference; lastKnownFileType = net.daringfireball.markdown; path = README.md; sourceTree = "<group>"; };
		OBJ_6 /* Package.swift */ = {isa = PBXFileReference; explicitFileType = sourcecode.swift; path = Package.swift; sourceTree = "<group>"; };
		OBJ_9 /* SVGPath.swift */ = {isa = PBXFileReference; lastKnownFileType = sourcecode.swift; path = SVGPath.swift; sourceTree = "<group>"; };
		"SVGPath::SVGPath::Product" /* SVGPath.framework */ = {isa = PBXFileReference; explicitFileType = wrapper.framework; path = SVGPath.framework; sourceTree = BUILT_PRODUCTS_DIR; };
		"SVGPath::SVGPathTests::Product" /* SVGPathTests.xctest */ = {isa = PBXFileReference; lastKnownFileType = file; path = SVGPathTests.xctest; sourceTree = BUILT_PRODUCTS_DIR; };
/* End PBXFileReference section */

/* Begin PBXFrameworksBuildPhase section */
		OBJ_33 /* Frameworks */ = {
			isa = PBXFrameworksBuildPhase;
			buildActionMask = 0;
			files = (
			);
			runOnlyForDeploymentPostprocessing = 0;
		};
		OBJ_59 /* Frameworks */ = {
			isa = PBXFrameworksBuildPhase;
			buildActionMask = 0;
			files = (
				OBJ_60 /* SVGPath.framework in Frameworks */,
			);
			runOnlyForDeploymentPostprocessing = 0;
		};
/* End PBXFrameworksBuildPhase section */

/* Begin PBXGroup section */
		OBJ_10 /* Tests */ = {
			isa = PBXGroup;
			children = (
				OBJ_11 /* SVGPathTests */,
			);
			name = Tests;
			sourceTree = SOURCE_ROOT;
		};
		OBJ_11 /* SVGPathTests */ = {
			isa = PBXGroup;
			children = (
				OBJ_12 /* ClosePathTests.swift */,
				OBJ_13 /* CubeCurveToTests.swift */,
				OBJ_14 /* LineToTests.swift */,
				OBJ_15 /* MoveToTests.swift */,
				OBJ_16 /* NumberParsingTests.swift */,
				OBJ_17 /* QuadCurveToTests.swift */,
				OBJ_18 /* SVGCommandTests.swift */,
				OBJ_19 /* TestHelpers.swift */,
				OBJ_20 /* UIBezierPathTests.swift */,
			);
			name = SVGPathTests;
			path = Tests/SVGPathTests;
			sourceTree = SOURCE_ROOT;
		};
		OBJ_21 /* Products */ = {
			isa = PBXGroup;
			children = (
				"SVGPath::SVGPathTests::Product" /* SVGPathTests.xctest */,
				"SVGPath::SVGPath::Product" /* SVGPath.framework */,
			);
			name = Products;
			sourceTree = BUILT_PRODUCTS_DIR;
		};
		OBJ_5 /*  */ = {
			isa = PBXGroup;
			children = (
				OBJ_6 /* Package.swift */,
				OBJ_7 /* Sources */,
				OBJ_10 /* Tests */,
				OBJ_21 /* Products */,
				OBJ_25 /* LICENSE */,
				OBJ_26 /* README.md */,
			);
			name = "";
			sourceTree = "<group>";
		};
		OBJ_7 /* Sources */ = {
			isa = PBXGroup;
			children = (
				OBJ_8 /* SVGPath */,
			);
			name = Sources;
			sourceTree = SOURCE_ROOT;
		};
		OBJ_8 /* SVGPath */ = {
			isa = PBXGroup;
			children = (
				OBJ_9 /* SVGPath.swift */,
			);
			name = SVGPath;
			path = Sources/SVGPath;
			sourceTree = SOURCE_ROOT;
		};
/* End PBXGroup section */

/* Begin PBXNativeTarget section */
		"SVGPath::SVGPath" /* SVGPath */ = {
			isa = PBXNativeTarget;
			buildConfigurationList = OBJ_28 /* Build configuration list for PBXNativeTarget "SVGPath" */;
			buildPhases = (
				OBJ_31 /* Sources */,
				OBJ_33 /* Frameworks */,
			);
			buildRules = (
			);
			dependencies = (
			);
			name = SVGPath;
			productName = SVGPath;
			productReference = "SVGPath::SVGPath::Product" /* SVGPath.framework */;
			productType = "com.apple.product-type.framework";
		};
		"SVGPath::SVGPathTests" /* SVGPathTests */ = {
			isa = PBXNativeTarget;
			buildConfigurationList = OBJ_46 /* Build configuration list for PBXNativeTarget "SVGPathTests" */;
			buildPhases = (
				OBJ_49 /* Sources */,
				OBJ_59 /* Frameworks */,
			);
			buildRules = (
			);
			dependencies = (
				OBJ_61 /* PBXTargetDependency */,
			);
			name = SVGPathTests;
			productName = SVGPathTests;
			productReference = "SVGPath::SVGPathTests::Product" /* SVGPathTests.xctest */;
			productType = "com.apple.product-type.bundle.unit-test";
		};
		"SVGPath::SwiftPMPackageDescription" /* SVGPathPackageDescription */ = {
			isa = PBXNativeTarget;
			buildConfigurationList = OBJ_35 /* Build configuration list for PBXNativeTarget "SVGPathPackageDescription" */;
			buildPhases = (
				OBJ_38 /* Sources */,
			);
			buildRules = (
			);
			dependencies = (
			);
			name = SVGPathPackageDescription;
			productName = SVGPathPackageDescription;
			productType = "com.apple.product-type.framework";
		};
/* End PBXNativeTarget section */

/* Begin PBXProject section */
		OBJ_1 /* Project object */ = {
			isa = PBXProject;
			attributes = {
				LastSwiftMigration = 9999;
				LastUpgradeCheck = 9999;
			};
			buildConfigurationList = OBJ_2 /* Build configuration list for PBXProject "SVGPath" */;
			compatibilityVersion = "Xcode 3.2";
			developmentRegion = en;
			hasScannedForEncodings = 0;
			knownRegions = (
				en,
			);
			mainGroup = OBJ_5 /*  */;
			productRefGroup = OBJ_21 /* Products */;
			projectDirPath = "";
			projectRoot = "";
			targets = (
				"SVGPath::SVGPath" /* SVGPath */,
				"SVGPath::SwiftPMPackageDescription" /* SVGPathPackageDescription */,
				"SVGPath::SVGPathPackageTests::ProductTarget" /* SVGPathPackageTests */,
				"SVGPath::SVGPathTests" /* SVGPathTests */,
			);
		};
/* End PBXProject section */

/* Begin PBXSourcesBuildPhase section */
		OBJ_31 /* Sources */ = {
			isa = PBXSourcesBuildPhase;
			buildActionMask = 0;
			files = (
				OBJ_32 /* SVGPath.swift in Sources */,
			);
			runOnlyForDeploymentPostprocessing = 0;
		};
		OBJ_38 /* Sources */ = {
			isa = PBXSourcesBuildPhase;
			buildActionMask = 0;
			files = (
				OBJ_39 /* Package.swift in Sources */,
			);
			runOnlyForDeploymentPostprocessing = 0;
		};
		OBJ_49 /* Sources */ = {
			isa = PBXSourcesBuildPhase;
			buildActionMask = 0;
			files = (
				OBJ_50 /* ClosePathTests.swift in Sources */,
				OBJ_51 /* CubeCurveToTests.swift in Sources */,
				OBJ_52 /* LineToTests.swift in Sources */,
				OBJ_53 /* MoveToTests.swift in Sources */,
				OBJ_54 /* NumberParsingTests.swift in Sources */,
				OBJ_55 /* QuadCurveToTests.swift in Sources */,
				OBJ_56 /* SVGCommandTests.swift in Sources */,
				OBJ_57 /* TestHelpers.swift in Sources */,
				OBJ_58 /* UIBezierPathTests.swift in Sources */,
			);
			runOnlyForDeploymentPostprocessing = 0;
		};
/* End PBXSourcesBuildPhase section */

/* Begin PBXTargetDependency section */
		OBJ_44 /* PBXTargetDependency */ = {
			isa = PBXTargetDependency;
			target = "SVGPath::SVGPathTests" /* SVGPathTests */;
			targetProxy = 15C265A025ACA4D8007E92FC /* PBXContainerItemProxy */;
		};
		OBJ_61 /* PBXTargetDependency */ = {
			isa = PBXTargetDependency;
			target = "SVGPath::SVGPath" /* SVGPath */;
			targetProxy = 15C2659D25ACA4D7007E92FC /* PBXContainerItemProxy */;
		};
/* End PBXTargetDependency section */

/* Begin XCBuildConfiguration section */
		OBJ_29 /* Debug */ = {
			isa = XCBuildConfiguration;
			buildSettings = {
				ENABLE_TESTABILITY = YES;
				FRAMEWORK_SEARCH_PATHS = (
					"$(inherited)",
					"$(PLATFORM_DIR)/Developer/Library/Frameworks",
				);
				HEADER_SEARCH_PATHS = "$(inherited)";
				INFOPLIST_FILE = SVGPath.xcodeproj/SVGPath_Info.plist;
				IPHONEOS_DEPLOYMENT_TARGET = 9.0;
				LD_RUNPATH_SEARCH_PATHS = "$(inherited) $(TOOLCHAIN_DIR)/usr/lib/swift/macosx";
				MACOSX_DEPLOYMENT_TARGET = 10.15;
				OTHER_CFLAGS = "$(inherited)";
				OTHER_LDFLAGS = "$(inherited)";
				OTHER_SWIFT_FLAGS = "$(inherited)";
				PRODUCT_BUNDLE_IDENTIFIER = SVGPath;
				PRODUCT_MODULE_NAME = "$(TARGET_NAME:c99extidentifier)";
				PRODUCT_NAME = "$(TARGET_NAME:c99extidentifier)";
				SKIP_INSTALL = YES;
				SWIFT_ACTIVE_COMPILATION_CONDITIONS = "$(inherited)";
				SWIFT_VERSION = 5.0;
				TARGET_NAME = SVGPath;
				TVOS_DEPLOYMENT_TARGET = 9.0;
				WATCHOS_DEPLOYMENT_TARGET = 2.0;
			};
			name = Debug;
		};
		OBJ_3 /* Debug */ = {
			isa = XCBuildConfiguration;
			buildSettings = {
				CLANG_ENABLE_OBJC_ARC = YES;
				COMBINE_HIDPI_IMAGES = YES;
				COPY_PHASE_STRIP = NO;
				DEBUG_INFORMATION_FORMAT = dwarf;
				DYLIB_INSTALL_NAME_BASE = "@rpath";
				ENABLE_NS_ASSERTIONS = YES;
				GCC_OPTIMIZATION_LEVEL = 0;
				GCC_PREPROCESSOR_DEFINITIONS = (
					"$(inherited)",
					"SWIFT_PACKAGE=1",
					"DEBUG=1",
				);
				MACOSX_DEPLOYMENT_TARGET = 10.10;
				ONLY_ACTIVE_ARCH = YES;
				OTHER_SWIFT_FLAGS = "$(inherited) -DXcode";
				PRODUCT_NAME = "$(TARGET_NAME)";
				SDKROOT = macosx;
				SUPPORTED_PLATFORMS = "macosx iphoneos iphonesimulator appletvos appletvsimulator watchos watchsimulator";
				SWIFT_ACTIVE_COMPILATION_CONDITIONS = "$(inherited) SWIFT_PACKAGE DEBUG";
				SWIFT_OPTIMIZATION_LEVEL = "-Onone";
				USE_HEADERMAP = NO;
			};
			name = Debug;
		};
		OBJ_30 /* Release */ = {
			isa = XCBuildConfiguration;
			buildSettings = {
				ENABLE_TESTABILITY = YES;
				FRAMEWORK_SEARCH_PATHS = (
					"$(inherited)",
					"$(PLATFORM_DIR)/Developer/Library/Frameworks",
				);
				HEADER_SEARCH_PATHS = "$(inherited)";
				INFOPLIST_FILE = SVGPath.xcodeproj/SVGPath_Info.plist;
				IPHONEOS_DEPLOYMENT_TARGET = 9.0;
				LD_RUNPATH_SEARCH_PATHS = "$(inherited) $(TOOLCHAIN_DIR)/usr/lib/swift/macosx";
				MACOSX_DEPLOYMENT_TARGET = 10.15;
				OTHER_CFLAGS = "$(inherited)";
				OTHER_LDFLAGS = "$(inherited)";
				OTHER_SWIFT_FLAGS = "$(inherited)";
				PRODUCT_BUNDLE_IDENTIFIER = SVGPath;
				PRODUCT_MODULE_NAME = "$(TARGET_NAME:c99extidentifier)";
				PRODUCT_NAME = "$(TARGET_NAME:c99extidentifier)";
				SKIP_INSTALL = YES;
				SWIFT_ACTIVE_COMPILATION_CONDITIONS = "$(inherited)";
				SWIFT_VERSION = 5.0;
				TARGET_NAME = SVGPath;
				TVOS_DEPLOYMENT_TARGET = 9.0;
				WATCHOS_DEPLOYMENT_TARGET = 2.0;
			};
			name = Release;
		};
		OBJ_36 /* Debug */ = {
			isa = XCBuildConfiguration;
			buildSettings = {
				LD = /usr/bin/true;
				OTHER_SWIFT_FLAGS = "-swift-version 5 -I $(TOOLCHAIN_DIR)/usr/lib/swift/pm/4_2 -sdk /Applications/Xcode.app/Contents/Developer/Platforms/MacOSX.platform/Developer/SDKs/MacOSX11.1.sdk -package-description-version 5.3.0";
				SWIFT_VERSION = 5.0;
			};
			name = Debug;
		};
		OBJ_37 /* Release */ = {
			isa = XCBuildConfiguration;
			buildSettings = {
				LD = /usr/bin/true;
				OTHER_SWIFT_FLAGS = "-swift-version 5 -I $(TOOLCHAIN_DIR)/usr/lib/swift/pm/4_2 -sdk /Applications/Xcode.app/Contents/Developer/Platforms/MacOSX.platform/Developer/SDKs/MacOSX11.1.sdk -package-description-version 5.3.0";
				SWIFT_VERSION = 5.0;
			};
			name = Release;
		};
		OBJ_4 /* Release */ = {
			isa = XCBuildConfiguration;
			buildSettings = {
				CLANG_ENABLE_OBJC_ARC = YES;
				COMBINE_HIDPI_IMAGES = YES;
				COPY_PHASE_STRIP = YES;
				DEBUG_INFORMATION_FORMAT = "dwarf-with-dsym";
				DYLIB_INSTALL_NAME_BASE = "@rpath";
				GCC_OPTIMIZATION_LEVEL = s;
				GCC_PREPROCESSOR_DEFINITIONS = (
					"$(inherited)",
					"SWIFT_PACKAGE=1",
				);
				MACOSX_DEPLOYMENT_TARGET = 10.10;
				OTHER_SWIFT_FLAGS = "$(inherited) -DXcode";
				PRODUCT_NAME = "$(TARGET_NAME)";
				SDKROOT = macosx;
				SUPPORTED_PLATFORMS = "macosx iphoneos iphonesimulator appletvos appletvsimulator watchos watchsimulator";
				SWIFT_ACTIVE_COMPILATION_CONDITIONS = "$(inherited) SWIFT_PACKAGE";
				SWIFT_OPTIMIZATION_LEVEL = "-Owholemodule";
				USE_HEADERMAP = NO;
			};
			name = Release;
		};
		OBJ_42 /* Debug */ = {
			isa = XCBuildConfiguration;
			buildSettings = {
			};
			name = Debug;
		};
		OBJ_43 /* Release */ = {
			isa = XCBuildConfiguration;
			buildSettings = {
			};
			name = Release;
		};
		OBJ_47 /* Debug */ = {
			isa = XCBuildConfiguration;
			buildSettings = {
				CLANG_ENABLE_MODULES = YES;
				EMBEDDED_CONTENT_CONTAINS_SWIFT = YES;
				FRAMEWORK_SEARCH_PATHS = (
					"$(inherited)",
					"$(PLATFORM_DIR)/Developer/Library/Frameworks",
				);
				HEADER_SEARCH_PATHS = "$(inherited)";
				INFOPLIST_FILE = SVGPath.xcodeproj/SVGPathTests_Info.plist;
				IPHONEOS_DEPLOYMENT_TARGET = 14.0;
				LD_RUNPATH_SEARCH_PATHS = "$(inherited) @loader_path/../Frameworks @loader_path/Frameworks";
				MACOSX_DEPLOYMENT_TARGET = 10.15;
				OTHER_CFLAGS = "$(inherited)";
				OTHER_LDFLAGS = "$(inherited)";
				OTHER_SWIFT_FLAGS = "$(inherited)";
				SWIFT_ACTIVE_COMPILATION_CONDITIONS = "$(inherited)";
				SWIFT_VERSION = 5.0;
				TARGET_NAME = SVGPathTests;
				TVOS_DEPLOYMENT_TARGET = 9.0;
				WATCHOS_DEPLOYMENT_TARGET = 2.0;
			};
			name = Debug;
		};
		OBJ_48 /* Release */ = {
			isa = XCBuildConfiguration;
			buildSettings = {
				CLANG_ENABLE_MODULES = YES;
				EMBEDDED_CONTENT_CONTAINS_SWIFT = YES;
				FRAMEWORK_SEARCH_PATHS = (
					"$(inherited)",
					"$(PLATFORM_DIR)/Developer/Library/Frameworks",
				);
				HEADER_SEARCH_PATHS = "$(inherited)";
				INFOPLIST_FILE = SVGPath.xcodeproj/SVGPathTests_Info.plist;
				IPHONEOS_DEPLOYMENT_TARGET = 14.0;
				LD_RUNPATH_SEARCH_PATHS = "$(inherited) @loader_path/../Frameworks @loader_path/Frameworks";
				MACOSX_DEPLOYMENT_TARGET = 10.15;
				OTHER_CFLAGS = "$(inherited)";
				OTHER_LDFLAGS = "$(inherited)";
				OTHER_SWIFT_FLAGS = "$(inherited)";
				SWIFT_ACTIVE_COMPILATION_CONDITIONS = "$(inherited)";
				SWIFT_VERSION = 5.0;
				TARGET_NAME = SVGPathTests;
				TVOS_DEPLOYMENT_TARGET = 9.0;
				WATCHOS_DEPLOYMENT_TARGET = 2.0;
			};
			name = Release;
		};
/* End XCBuildConfiguration section */

/* Begin XCConfigurationList section */
		OBJ_2 /* Build configuration list for PBXProject "SVGPath" */ = {
			isa = XCConfigurationList;
			buildConfigurations = (
				OBJ_3 /* Debug */,
				OBJ_4 /* Release */,
			);
			defaultConfigurationIsVisible = 0;
			defaultConfigurationName = Release;
		};
		OBJ_28 /* Build configuration list for PBXNativeTarget "SVGPath" */ = {
			isa = XCConfigurationList;
			buildConfigurations = (
				OBJ_29 /* Debug */,
				OBJ_30 /* Release */,
			);
			defaultConfigurationIsVisible = 0;
			defaultConfigurationName = Release;
		};
		OBJ_35 /* Build configuration list for PBXNativeTarget "SVGPathPackageDescription" */ = {
			isa = XCConfigurationList;
			buildConfigurations = (
				OBJ_36 /* Debug */,
				OBJ_37 /* Release */,
			);
			defaultConfigurationIsVisible = 0;
			defaultConfigurationName = Release;
		};
		OBJ_41 /* Build configuration list for PBXAggregateTarget "SVGPathPackageTests" */ = {
			isa = XCConfigurationList;
			buildConfigurations = (
				OBJ_42 /* Debug */,
				OBJ_43 /* Release */,
			);
			defaultConfigurationIsVisible = 0;
			defaultConfigurationName = Release;
		};
		OBJ_46 /* Build configuration list for PBXNativeTarget "SVGPathTests" */ = {
			isa = XCConfigurationList;
			buildConfigurations = (
				OBJ_47 /* Debug */,
				OBJ_48 /* Release */,
			);
			defaultConfigurationIsVisible = 0;
			defaultConfigurationName = Release;
		};
/* End XCConfigurationList section */
	};
	rootObject = OBJ_1 /* Project object */;
}
